// !$*UTF8*$!
{
	archiveVersion = 1;
	classes = {
	};
	objectVersion = 56;
	objects = {

/* Begin PBXBuildFile section */
		480659092C1875910049353B /* ImageUploader.swift in Sources */ = {isa = PBXBuildFile; fileRef = 480659082C1875910049353B /* ImageUploader.swift */; };
		483D2D6C2C0B3DCA00FCEB84 /* Post.swift in Sources */ = {isa = PBXBuildFile; fileRef = 483D2D6B2C0B3DCA00FCEB84 /* Post.swift */; };
		483D2D702C0B467400FCEB84 /* PostGridView.swift in Sources */ = {isa = PBXBuildFile; fileRef = 483D2D6F2C0B467400FCEB84 /* PostGridView.swift */; };
		483D2D732C0B473D00FCEB84 /* Kingfisher in Frameworks */ = {isa = PBXBuildFile; productRef = 483D2D722C0B473D00FCEB84 /* Kingfisher */; };
		483D2D772C0B493B00FCEB84 /* ProfileHeaderView.swift in Sources */ = {isa = PBXBuildFile; fileRef = 483D2D762C0B493B00FCEB84 /* ProfileHeaderView.swift */; };
		483D2D792C0B65F000FCEB84 /* UploadPostView.swift in Sources */ = {isa = PBXBuildFile; fileRef = 483D2D782C0B65F000FCEB84 /* UploadPostView.swift */; };
		483D2D7B2C0C94E700FCEB84 /* UploadPostViewModel.swift in Sources */ = {isa = PBXBuildFile; fileRef = 483D2D7A2C0C94E700FCEB84 /* UploadPostViewModel.swift */; };
		483D2D882C0DCC7B00FCEB84 /* GoogleService-Info.plist in Resources */ = {isa = PBXBuildFile; fileRef = 483D2D872C0DCC7B00FCEB84 /* GoogleService-Info.plist */; };
		483D2D8B2C0DCCD000FCEB84 /* FirebaseAuth in Frameworks */ = {isa = PBXBuildFile; productRef = 483D2D8A2C0DCCD000FCEB84 /* FirebaseAuth */; };
		483D2D8D2C0DCCD000FCEB84 /* FirebaseFirestore in Frameworks */ = {isa = PBXBuildFile; productRef = 483D2D8C2C0DCCD000FCEB84 /* FirebaseFirestore */; };
		483D2D8F2C0DCCD000FCEB84 /* FirebaseFirestoreSwift in Frameworks */ = {isa = PBXBuildFile; productRef = 483D2D8E2C0DCCD000FCEB84 /* FirebaseFirestoreSwift */; };
		483D2D912C0DCCD000FCEB84 /* FirebaseStorage in Frameworks */ = {isa = PBXBuildFile; productRef = 483D2D902C0DCCD000FCEB84 /* FirebaseStorage */; };
		483D2D932C0DCD2800FCEB84 /* InstragramApp.swift in Sources */ = {isa = PBXBuildFile; fileRef = 483D2D922C0DCD2800FCEB84 /* InstragramApp.swift */; };
		483D2D972C0DD03F00FCEB84 /* AuthService.swift in Sources */ = {isa = PBXBuildFile; fileRef = 483D2D962C0DD03F00FCEB84 /* AuthService.swift */; };
		483D2D9B2C0DD1B300FCEB84 /* ContentViewModel.swift in Sources */ = {isa = PBXBuildFile; fileRef = 483D2D9A2C0DD1B300FCEB84 /* ContentViewModel.swift */; };
		483D2DD42C0DE33100FCEB84 /* RegistrationViewModel.swift in Sources */ = {isa = PBXBuildFile; fileRef = 483D2DD32C0DE33100FCEB84 /* RegistrationViewModel.swift */; };
		485334C42C3ADA45004E19AA /* CommentsView.swift in Sources */ = {isa = PBXBuildFile; fileRef = 485334C32C3ADA45004E19AA /* CommentsView.swift */; };
		485334C62C3ADA4F004E19AA /* CommentsCell.swift in Sources */ = {isa = PBXBuildFile; fileRef = 485334C52C3ADA4F004E19AA /* CommentsCell.swift */; };
		485334C82C3AEC99004E19AA /* Comment.swift in Sources */ = {isa = PBXBuildFile; fileRef = 485334C72C3AEC98004E19AA /* Comment.swift */; };
		485334CA2C3AF331004E19AA /* CommentService.swift in Sources */ = {isa = PBXBuildFile; fileRef = 485334C92C3AF331004E19AA /* CommentService.swift */; };
		485334CC2C3AF33E004E19AA /* CommentsViewModel.swift in Sources */ = {isa = PBXBuildFile; fileRef = 485334CB2C3AF33E004E19AA /* CommentsViewModel.swift */; };
		48544A592C04899300727021 /* AddEmailView.swift in Sources */ = {isa = PBXBuildFile; fileRef = 48544A582C04899300727021 /* AddEmailView.swift */; };
		48544A5B2C048F7B00727021 /* IGTextFieldModifier.swift in Sources */ = {isa = PBXBuildFile; fileRef = 48544A5A2C048F7B00727021 /* IGTextFieldModifier.swift */; };
		48544A5D2C04928300727021 /* CreateUserNameView.swift in Sources */ = {isa = PBXBuildFile; fileRef = 48544A5C2C04928300727021 /* CreateUserNameView.swift */; };
		48544A5F2C04A4C400727021 /* CreatePasswordView.swift in Sources */ = {isa = PBXBuildFile; fileRef = 48544A5E2C04A4C300727021 /* CreatePasswordView.swift */; };
		48544A612C04A80000727021 /* CompleteSignupView.swift in Sources */ = {isa = PBXBuildFile; fileRef = 48544A602C04A80000727021 /* CompleteSignupView.swift */; };
		48544A632C04AA3800727021 /* User.swift in Sources */ = {isa = PBXBuildFile; fileRef = 48544A622C04AA3800727021 /* User.swift */; };
		4854C3FA2C1F3C80000B5C57 /* PostServices.swift in Sources */ = {isa = PBXBuildFile; fileRef = 4854C3F92C1F3C80000B5C57 /* PostServices.swift */; };
		4854C3FC2C1F42A0000B5C57 /* SinglePostView.swift in Sources */ = {isa = PBXBuildFile; fileRef = 4854C3FB2C1F42A0000B5C57 /* SinglePostView.swift */; };
		4854C3FE2C1F42B6000B5C57 /* SinglePostViewModel.swift in Sources */ = {isa = PBXBuildFile; fileRef = 4854C3FD2C1F42B6000B5C57 /* SinglePostViewModel.swift */; };
		4854C4002C1F4327000B5C57 /* FeedViewModel.swift in Sources */ = {isa = PBXBuildFile; fileRef = 4854C3FF2C1F4327000B5C57 /* FeedViewModel.swift */; };
		486C01B82C14D01400C5BF66 /* SearchViewModel.swift in Sources */ = {isa = PBXBuildFile; fileRef = 486C01B72C14D01400C5BF66 /* SearchViewModel.swift */; };
		488623CC2C0A29410094D29A /* CurrentUserProfileView.swift in Sources */ = {isa = PBXBuildFile; fileRef = 488623CB2C0A29410094D29A /* CurrentUserProfileView.swift */; };
		48B2E4692C16F90000CFE960 /* CircularProfileImageView.swift in Sources */ = {isa = PBXBuildFile; fileRef = 48B2E4682C16F90000CFE960 /* CircularProfileImageView.swift */; };
		48B2E46C2C16FC6F00CFE960 /* PostGridViewModel.swift in Sources */ = {isa = PBXBuildFile; fileRef = 48B2E46B2C16FC6F00CFE960 /* PostGridViewModel.swift */; };
		48B2E4702C1704AA00CFE960 /* EditProfileView.swift in Sources */ = {isa = PBXBuildFile; fileRef = 48B2E46F2C1704AA00CFE960 /* EditProfileView.swift */; };
		48B2E4722C1708A300CFE960 /* EditProfileViewModel.swift in Sources */ = {isa = PBXBuildFile; fileRef = 48B2E4712C1708A300CFE960 /* EditProfileViewModel.swift */; };
		48C258582C0362DF00E9A3FB /* FeedView.swift in Sources */ = {isa = PBXBuildFile; fileRef = 48C258572C0362DF00E9A3FB /* FeedView.swift */; };
		48C2585A2C0367B500E9A3FB /* SearchView.swift in Sources */ = {isa = PBXBuildFile; fileRef = 48C258592C0367B500E9A3FB /* SearchView.swift */; };
		48C2585E2C036D4800E9A3FB /* LoginView.swift in Sources */ = {isa = PBXBuildFile; fileRef = 48C2585D2C036D4800E9A3FB /* LoginView.swift */; };
		48D594082BFE071200C6EC4C /* InstagramApp.swift in Sources */ = {isa = PBXBuildFile; fileRef = 48D594072BFE071200C6EC4C /* InstagramApp.swift */; };
		48D5940A2BFE071200C6EC4C /* ContentView.swift in Sources */ = {isa = PBXBuildFile; fileRef = 48D594092BFE071200C6EC4C /* ContentView.swift */; };
		48D5940C2BFE071400C6EC4C /* Assets.xcassets in Resources */ = {isa = PBXBuildFile; fileRef = 48D5940B2BFE071400C6EC4C /* Assets.xcassets */; };
		48D5940F2BFE071400C6EC4C /* Preview Assets.xcassets in Resources */ = {isa = PBXBuildFile; fileRef = 48D5940E2BFE071400C6EC4C /* Preview Assets.xcassets */; };
		48D594192BFE071400C6EC4C /* InstagramTests.swift in Sources */ = {isa = PBXBuildFile; fileRef = 48D594182BFE071400C6EC4C /* InstagramTests.swift */; };
		48D594232BFE071400C6EC4C /* InstagramUITests.swift in Sources */ = {isa = PBXBuildFile; fileRef = 48D594222BFE071400C6EC4C /* InstagramUITests.swift */; };
		48D594252BFE071400C6EC4C /* InstagramUITestsLaunchTests.swift in Sources */ = {isa = PBXBuildFile; fileRef = 48D594242BFE071400C6EC4C /* InstagramUITestsLaunchTests.swift */; };
		48D5943F2BFE07EB00C6EC4C /* MainTabView.swift in Sources */ = {isa = PBXBuildFile; fileRef = 48D5943E2BFE07EB00C6EC4C /* MainTabView.swift */; };
		48D594412BFE098300C6EC4C /* ProfileView.swift in Sources */ = {isa = PBXBuildFile; fileRef = 48D594402BFE098300C6EC4C /* ProfileView.swift */; };
		48D594452BFE172900C6EC4C /* UserStatView.swift in Sources */ = {isa = PBXBuildFile; fileRef = 48D594442BFE172900C6EC4C /* UserStatView.swift */; };
		48D594472BFE23D600C6EC4C /* FeedCell.swift in Sources */ = {isa = PBXBuildFile; fileRef = 48D594462BFE23D600C6EC4C /* FeedCell.swift */; };
		48DAE40F2C13065600342724 /* LoginViewModel.swift in Sources */ = {isa = PBXBuildFile; fileRef = 48DAE40E2C13065600342724 /* LoginViewModel.swift */; };
		48DAE4112C133D7400342724 /* UserService.swift in Sources */ = {isa = PBXBuildFile; fileRef = 48DAE4102C133D7400342724 /* UserService.swift */; };
/* End PBXBuildFile section */

/* Begin PBXContainerItemProxy section */
		48D594152BFE071400C6EC4C /* PBXContainerItemProxy */ = {
			isa = PBXContainerItemProxy;
			containerPortal = 48D593FC2BFE071200C6EC4C /* Project object */;
			proxyType = 1;
			remoteGlobalIDString = 48D594032BFE071200C6EC4C;
			remoteInfo = Instagram;
		};
		48D5941F2BFE071400C6EC4C /* PBXContainerItemProxy */ = {
			isa = PBXContainerItemProxy;
			containerPortal = 48D593FC2BFE071200C6EC4C /* Project object */;
			proxyType = 1;
			remoteGlobalIDString = 48D594032BFE071200C6EC4C;
			remoteInfo = Instagram;
		};
/* End PBXContainerItemProxy section */

/* Begin PBXFileReference section */
		480659082C1875910049353B /* ImageUploader.swift */ = {isa = PBXFileReference; lastKnownFileType = sourcecode.swift; path = ImageUploader.swift; sourceTree = "<group>"; };
		483D2D6B2C0B3DCA00FCEB84 /* Post.swift */ = {isa = PBXFileReference; lastKnownFileType = sourcecode.swift; path = Post.swift; sourceTree = "<group>"; };
		483D2D6F2C0B467400FCEB84 /* PostGridView.swift */ = {isa = PBXFileReference; lastKnownFileType = sourcecode.swift; path = PostGridView.swift; sourceTree = "<group>"; };
		483D2D762C0B493B00FCEB84 /* ProfileHeaderView.swift */ = {isa = PBXFileReference; lastKnownFileType = sourcecode.swift; path = ProfileHeaderView.swift; sourceTree = "<group>"; };
		483D2D782C0B65F000FCEB84 /* UploadPostView.swift */ = {isa = PBXFileReference; lastKnownFileType = sourcecode.swift; path = UploadPostView.swift; sourceTree = "<group>"; };
		483D2D7A2C0C94E700FCEB84 /* UploadPostViewModel.swift */ = {isa = PBXFileReference; lastKnownFileType = sourcecode.swift; path = UploadPostViewModel.swift; sourceTree = "<group>"; };
		483D2D872C0DCC7B00FCEB84 /* GoogleService-Info.plist */ = {isa = PBXFileReference; fileEncoding = 4; lastKnownFileType = text.plist.xml; path = "GoogleService-Info.plist"; sourceTree = "<group>"; };
		483D2D922C0DCD2800FCEB84 /* InstragramApp.swift */ = {isa = PBXFileReference; lastKnownFileType = sourcecode.swift; path = InstragramApp.swift; sourceTree = "<group>"; };
		483D2D962C0DD03F00FCEB84 /* AuthService.swift */ = {isa = PBXFileReference; lastKnownFileType = sourcecode.swift; path = AuthService.swift; sourceTree = "<group>"; };
		483D2D9A2C0DD1B300FCEB84 /* ContentViewModel.swift */ = {isa = PBXFileReference; lastKnownFileType = sourcecode.swift; path = ContentViewModel.swift; sourceTree = "<group>"; };
		483D2DD32C0DE33100FCEB84 /* RegistrationViewModel.swift */ = {isa = PBXFileReference; lastKnownFileType = sourcecode.swift; path = RegistrationViewModel.swift; sourceTree = "<group>"; };
		485334C32C3ADA45004E19AA /* CommentsView.swift */ = {isa = PBXFileReference; lastKnownFileType = sourcecode.swift; path = CommentsView.swift; sourceTree = "<group>"; };
		485334C52C3ADA4F004E19AA /* CommentsCell.swift */ = {isa = PBXFileReference; lastKnownFileType = sourcecode.swift; path = CommentsCell.swift; sourceTree = "<group>"; };
		485334C72C3AEC98004E19AA /* Comment.swift */ = {isa = PBXFileReference; lastKnownFileType = sourcecode.swift; path = Comment.swift; sourceTree = "<group>"; };
		485334C92C3AF331004E19AA /* CommentService.swift */ = {isa = PBXFileReference; lastKnownFileType = sourcecode.swift; path = CommentService.swift; sourceTree = "<group>"; };
		485334CB2C3AF33E004E19AA /* CommentsViewModel.swift */ = {isa = PBXFileReference; lastKnownFileType = sourcecode.swift; path = CommentsViewModel.swift; sourceTree = "<group>"; };
		48544A582C04899300727021 /* AddEmailView.swift */ = {isa = PBXFileReference; lastKnownFileType = sourcecode.swift; path = AddEmailView.swift; sourceTree = "<group>"; };
		48544A5A2C048F7B00727021 /* IGTextFieldModifier.swift */ = {isa = PBXFileReference; lastKnownFileType = sourcecode.swift; path = IGTextFieldModifier.swift; sourceTree = "<group>"; };
		48544A5C2C04928300727021 /* CreateUserNameView.swift */ = {isa = PBXFileReference; lastKnownFileType = sourcecode.swift; path = CreateUserNameView.swift; sourceTree = "<group>"; };
		48544A5E2C04A4C300727021 /* CreatePasswordView.swift */ = {isa = PBXFileReference; lastKnownFileType = sourcecode.swift; path = CreatePasswordView.swift; sourceTree = "<group>"; };
		48544A602C04A80000727021 /* CompleteSignupView.swift */ = {isa = PBXFileReference; lastKnownFileType = sourcecode.swift; path = CompleteSignupView.swift; sourceTree = "<group>"; };
		48544A622C04AA3800727021 /* User.swift */ = {isa = PBXFileReference; lastKnownFileType = sourcecode.swift; path = User.swift; sourceTree = "<group>"; };
		4854C3F92C1F3C80000B5C57 /* PostServices.swift */ = {isa = PBXFileReference; lastKnownFileType = sourcecode.swift; path = PostServices.swift; sourceTree = "<group>"; };
		4854C3FB2C1F42A0000B5C57 /* SinglePostView.swift */ = {isa = PBXFileReference; lastKnownFileType = sourcecode.swift; path = SinglePostView.swift; sourceTree = "<group>"; };
		4854C3FD2C1F42B6000B5C57 /* SinglePostViewModel.swift */ = {isa = PBXFileReference; lastKnownFileType = sourcecode.swift; path = SinglePostViewModel.swift; sourceTree = "<group>"; };
		4854C3FF2C1F4327000B5C57 /* FeedViewModel.swift */ = {isa = PBXFileReference; lastKnownFileType = sourcecode.swift; path = FeedViewModel.swift; sourceTree = "<group>"; };
		486C01B72C14D01400C5BF66 /* SearchViewModel.swift */ = {isa = PBXFileReference; lastKnownFileType = sourcecode.swift; path = SearchViewModel.swift; sourceTree = "<group>"; };
		488623CB2C0A29410094D29A /* CurrentUserProfileView.swift */ = {isa = PBXFileReference; lastKnownFileType = sourcecode.swift; path = CurrentUserProfileView.swift; sourceTree = "<group>"; };
		48B2E4682C16F90000CFE960 /* CircularProfileImageView.swift */ = {isa = PBXFileReference; lastKnownFileType = sourcecode.swift; path = CircularProfileImageView.swift; sourceTree = "<group>"; };
		48B2E46B2C16FC6F00CFE960 /* PostGridViewModel.swift */ = {isa = PBXFileReference; lastKnownFileType = sourcecode.swift; path = PostGridViewModel.swift; sourceTree = "<group>"; };
		48B2E46F2C1704AA00CFE960 /* EditProfileView.swift */ = {isa = PBXFileReference; lastKnownFileType = sourcecode.swift; path = EditProfileView.swift; sourceTree = "<group>"; };
		48B2E4712C1708A300CFE960 /* EditProfileViewModel.swift */ = {isa = PBXFileReference; lastKnownFileType = sourcecode.swift; path = EditProfileViewModel.swift; sourceTree = "<group>"; };
		48C258572C0362DF00E9A3FB /* FeedView.swift */ = {isa = PBXFileReference; lastKnownFileType = sourcecode.swift; path = FeedView.swift; sourceTree = "<group>"; };
		48C258592C0367B500E9A3FB /* SearchView.swift */ = {isa = PBXFileReference; lastKnownFileType = sourcecode.swift; path = SearchView.swift; sourceTree = "<group>"; };
		48C2585D2C036D4800E9A3FB /* LoginView.swift */ = {isa = PBXFileReference; lastKnownFileType = sourcecode.swift; path = LoginView.swift; sourceTree = "<group>"; };
		48D594042BFE071200C6EC4C /* Instagram.app */ = {isa = PBXFileReference; explicitFileType = wrapper.application; includeInIndex = 0; path = Instagram.app; sourceTree = BUILT_PRODUCTS_DIR; };
		48D594072BFE071200C6EC4C /* InstagramApp.swift */ = {isa = PBXFileReference; lastKnownFileType = sourcecode.swift; path = InstagramApp.swift; sourceTree = "<group>"; };
		48D594092BFE071200C6EC4C /* ContentView.swift */ = {isa = PBXFileReference; lastKnownFileType = sourcecode.swift; path = ContentView.swift; sourceTree = "<group>"; };
		48D5940B2BFE071400C6EC4C /* Assets.xcassets */ = {isa = PBXFileReference; lastKnownFileType = folder.assetcatalog; path = Assets.xcassets; sourceTree = "<group>"; };
		48D5940E2BFE071400C6EC4C /* Preview Assets.xcassets */ = {isa = PBXFileReference; lastKnownFileType = folder.assetcatalog; path = "Preview Assets.xcassets"; sourceTree = "<group>"; };
		48D594142BFE071400C6EC4C /* InstagramTests.xctest */ = {isa = PBXFileReference; explicitFileType = wrapper.cfbundle; includeInIndex = 0; path = InstagramTests.xctest; sourceTree = BUILT_PRODUCTS_DIR; };
		48D594182BFE071400C6EC4C /* InstagramTests.swift */ = {isa = PBXFileReference; lastKnownFileType = sourcecode.swift; path = InstagramTests.swift; sourceTree = "<group>"; };
		48D5941E2BFE071400C6EC4C /* InstagramUITests.xctest */ = {isa = PBXFileReference; explicitFileType = wrapper.cfbundle; includeInIndex = 0; path = InstagramUITests.xctest; sourceTree = BUILT_PRODUCTS_DIR; };
		48D594222BFE071400C6EC4C /* InstagramUITests.swift */ = {isa = PBXFileReference; lastKnownFileType = sourcecode.swift; path = InstagramUITests.swift; sourceTree = "<group>"; };
		48D594242BFE071400C6EC4C /* InstagramUITestsLaunchTests.swift */ = {isa = PBXFileReference; lastKnownFileType = sourcecode.swift; path = InstagramUITestsLaunchTests.swift; sourceTree = "<group>"; };
		48D5943E2BFE07EB00C6EC4C /* MainTabView.swift */ = {isa = PBXFileReference; lastKnownFileType = sourcecode.swift; path = MainTabView.swift; sourceTree = "<group>"; };
		48D594402BFE098300C6EC4C /* ProfileView.swift */ = {isa = PBXFileReference; lastKnownFileType = sourcecode.swift; path = ProfileView.swift; sourceTree = "<group>"; };
		48D594442BFE172900C6EC4C /* UserStatView.swift */ = {isa = PBXFileReference; lastKnownFileType = sourcecode.swift; path = UserStatView.swift; sourceTree = "<group>"; };
		48D594462BFE23D600C6EC4C /* FeedCell.swift */ = {isa = PBXFileReference; lastKnownFileType = sourcecode.swift; path = FeedCell.swift; sourceTree = "<group>"; };
		48DAE40E2C13065600342724 /* LoginViewModel.swift */ = {isa = PBXFileReference; lastKnownFileType = sourcecode.swift; path = LoginViewModel.swift; sourceTree = "<group>"; };
		48DAE4102C133D7400342724 /* UserService.swift */ = {isa = PBXFileReference; lastKnownFileType = sourcecode.swift; path = UserService.swift; sourceTree = "<group>"; };
/* End PBXFileReference section */

/* Begin PBXFrameworksBuildPhase section */
		48D594012BFE071200C6EC4C /* Frameworks */ = {
			isa = PBXFrameworksBuildPhase;
			buildActionMask = 2147483647;
			files = (
				483D2D732C0B473D00FCEB84 /* Kingfisher in Frameworks */,
				483D2D8B2C0DCCD000FCEB84 /* FirebaseAuth in Frameworks */,
				483D2D8D2C0DCCD000FCEB84 /* FirebaseFirestore in Frameworks */,
				483D2D912C0DCCD000FCEB84 /* FirebaseStorage in Frameworks */,
				483D2D8F2C0DCCD000FCEB84 /* FirebaseFirestoreSwift in Frameworks */,
			);
			runOnlyForDeploymentPostprocessing = 0;
		};
		48D594112BFE071400C6EC4C /* Frameworks */ = {
			isa = PBXFrameworksBuildPhase;
			buildActionMask = 2147483647;
			files = (
			);
			runOnlyForDeploymentPostprocessing = 0;
		};
		48D5941B2BFE071400C6EC4C /* Frameworks */ = {
			isa = PBXFrameworksBuildPhase;
			buildActionMask = 2147483647;
			files = (
			);
			runOnlyForDeploymentPostprocessing = 0;
		};
/* End PBXFrameworksBuildPhase section */

/* Begin PBXGroup section */
		483D2D942C0DD01A00FCEB84 /* View */ = {
			isa = PBXGroup;
			children = (
				48C2585D2C036D4800E9A3FB /* LoginView.swift */,
				48544A582C04899300727021 /* AddEmailView.swift */,
				48544A5C2C04928300727021 /* CreateUserNameView.swift */,
				48544A602C04A80000727021 /* CompleteSignupView.swift */,
				48544A5E2C04A4C300727021 /* CreatePasswordView.swift */,
			);
			path = View;
			sourceTree = "<group>";
		};
		483D2D952C0DD02F00FCEB84 /* Service */ = {
			isa = PBXGroup;
			children = (
				483D2D962C0DD03F00FCEB84 /* AuthService.swift */,
				485334C92C3AF331004E19AA /* CommentService.swift */,
			);
			path = Service;
			sourceTree = "<group>";
		};
		483D2D982C0DD19D00FCEB84 /* View */ = {
			isa = PBXGroup;
			children = (
				48D594092BFE071200C6EC4C /* ContentView.swift */,
			);
			path = View;
			sourceTree = "<group>";
		};
		483D2D992C0DD1A100FCEB84 /* ViewModel */ = {
			isa = PBXGroup;
			children = (
				483D2D9A2C0DD1B300FCEB84 /* ContentViewModel.swift */,
			);
			path = ViewModel;
			sourceTree = "<group>";
		};
		483D2DD22C0DE32200FCEB84 /* ViewModel */ = {
			isa = PBXGroup;
			children = (
				483D2DD32C0DE33100FCEB84 /* RegistrationViewModel.swift */,
				48DAE40E2C13065600342724 /* LoginViewModel.swift */,
				48B2E4712C1708A300CFE960 /* EditProfileViewModel.swift */,
			);
			path = ViewModel;
			sourceTree = "<group>";
		};
		485334BE2C3AC5E8004E19AA /* Comments */ = {
			isa = PBXGroup;
			children = (
				485334C22C3AC626004E19AA /* Service */,
				485334C12C3AC618004E19AA /* ViewModel */,
				485334C02C3AC613004E19AA /* View */,
				485334BF2C3AC60E004E19AA /* Model */,
			);
			path = Comments;
			sourceTree = "<group>";
		};
		485334BF2C3AC60E004E19AA /* Model */ = {
			isa = PBXGroup;
			children = (
				485334C72C3AEC98004E19AA /* Comment.swift */,
			);
			path = Model;
			sourceTree = "<group>";
		};
		485334C02C3AC613004E19AA /* View */ = {
			isa = PBXGroup;
			children = (
				485334C32C3ADA45004E19AA /* CommentsView.swift */,
				485334C52C3ADA4F004E19AA /* CommentsCell.swift */,
			);
			path = View;
			sourceTree = "<group>";
		};
		485334C12C3AC618004E19AA /* ViewModel */ = {
			isa = PBXGroup;
			children = (
				485334CB2C3AF33E004E19AA /* CommentsViewModel.swift */,
			);
			path = ViewModel;
			sourceTree = "<group>";
		};
		485334C22C3AC626004E19AA /* Service */ = {
			isa = PBXGroup;
			children = (
			);
			path = Service;
			sourceTree = "<group>";
		};
		486C01B52C14CA4E00C5BF66 /* View */ = {
			isa = PBXGroup;
			children = (
				48C258592C0367B500E9A3FB /* SearchView.swift */,
			);
			path = View;
			sourceTree = "<group>";
		};
		486C01B62C14CA5500C5BF66 /* SearchViewModel */ = {
			isa = PBXGroup;
			children = (
				486C01B72C14D01400C5BF66 /* SearchViewModel.swift */,
			);
			path = SearchViewModel;
			sourceTree = "<group>";
		};
		48B2E4672C16F18200CFE960 /* View */ = {
			isa = PBXGroup;
			children = (
				48544A5A2C048F7B00727021 /* IGTextFieldModifier.swift */,
				48D594442BFE172900C6EC4C /* UserStatView.swift */,
				483D2D6F2C0B467400FCEB84 /* PostGridView.swift */,
				48B2E4682C16F90000CFE960 /* CircularProfileImageView.swift */,
				4854C3FB2C1F42A0000B5C57 /* SinglePostView.swift */,
			);
			path = View;
			sourceTree = "<group>";
		};
		48B2E46A2C16FC6100CFE960 /* ViewModel */ = {
			isa = PBXGroup;
			children = (
				48B2E46B2C16FC6F00CFE960 /* PostGridViewModel.swift */,
				4854C3FD2C1F42B6000B5C57 /* SinglePostViewModel.swift */,
			);
			path = ViewModel;
			sourceTree = "<group>";
		};
		48D593FB2BFE071200C6EC4C = {
			isa = PBXGroup;
			children = (
				483D2D872C0DCC7B00FCEB84 /* GoogleService-Info.plist */,
				48D594062BFE071200C6EC4C /* Instagram */,
				48D594172BFE071400C6EC4C /* InstagramTests */,
				48D594212BFE071400C6EC4C /* InstagramUITests */,
				48D594052BFE071200C6EC4C /* Products */,
			);
			sourceTree = "<group>";
		};
		48D594052BFE071200C6EC4C /* Products */ = {
			isa = PBXGroup;
			children = (
				48D594042BFE071200C6EC4C /* Instagram.app */,
				48D594142BFE071400C6EC4C /* InstagramTests.xctest */,
				48D5941E2BFE071400C6EC4C /* InstagramUITests.xctest */,
			);
			name = Products;
			sourceTree = "<group>";
		};
		48D594062BFE071200C6EC4C /* Instagram */ = {
			isa = PBXGroup;
			children = (
				48D594362BFE074000C6EC4C /* App */,
				48D594352BFE073F00C6EC4C /* Core */,
				48D594332BFE073900C6EC4C /* Extensions */,
				48D594322BFE073000C6EC4C /* Model */,
				48D594312BFE072B00C6EC4C /* Services */,
				48D594072BFE071200C6EC4C /* InstagramApp.swift */,
				48D5940B2BFE071400C6EC4C /* Assets.xcassets */,
				48D5940D2BFE071400C6EC4C /* Preview Content */,
			);
			path = Instagram;
			sourceTree = "<group>";
		};
		48D5940D2BFE071400C6EC4C /* Preview Content */ = {
			isa = PBXGroup;
			children = (
				48D5940E2BFE071400C6EC4C /* Preview Assets.xcassets */,
			);
			path = "Preview Content";
			sourceTree = "<group>";
		};
		48D594172BFE071400C6EC4C /* InstagramTests */ = {
			isa = PBXGroup;
			children = (
				48D594182BFE071400C6EC4C /* InstagramTests.swift */,
			);
			path = InstagramTests;
			sourceTree = "<group>";
		};
		48D594212BFE071400C6EC4C /* InstagramUITests */ = {
			isa = PBXGroup;
			children = (
				48D594222BFE071400C6EC4C /* InstagramUITests.swift */,
				48D594242BFE071400C6EC4C /* InstagramUITestsLaunchTests.swift */,
			);
			path = InstagramUITests;
			sourceTree = "<group>";
		};
		48D594312BFE072B00C6EC4C /* Services */ = {
			isa = PBXGroup;
			children = (
				48DAE4102C133D7400342724 /* UserService.swift */,
				480659082C1875910049353B /* ImageUploader.swift */,
				4854C3F92C1F3C80000B5C57 /* PostServices.swift */,
			);
			path = Services;
			sourceTree = "<group>";
		};
		48D594322BFE073000C6EC4C /* Model */ = {
			isa = PBXGroup;
			children = (
				48544A622C04AA3800727021 /* User.swift */,
				483D2D6B2C0B3DCA00FCEB84 /* Post.swift */,
			);
			path = Model;
			sourceTree = "<group>";
		};
		48D594332BFE073900C6EC4C /* Extensions */ = {
			isa = PBXGroup;
			children = (
			);
			path = Extensions;
			sourceTree = "<group>";
		};
		48D594352BFE073F00C6EC4C /* Core */ = {
			isa = PBXGroup;
			children = (
				48D594372BFE077400C6EC4C /* Authentication */,
				48D594422BFE16D800C6EC4C /* Components */,
				48D5943D2BFE07B400C6EC4C /* UploadPost */,
				48D5943C2BFE07A700C6EC4C /* TabBar */,
				48D5943B2BFE079400C6EC4C /* Search */,
				48D5943A2BFE078E00C6EC4C /* Root */,
				48D594392BFE078700C6EC4C /* Profile */,
				48D594382BFE077F00C6EC4C /* Feed */,
			);
			path = Core;
			sourceTree = "<group>";
		};
		48D594362BFE074000C6EC4C /* App */ = {
			isa = PBXGroup;
			children = (
				483D2D922C0DCD2800FCEB84 /* InstragramApp.swift */,
			);
			path = App;
			sourceTree = "<group>";
		};
		48D594372BFE077400C6EC4C /* Authentication */ = {
			isa = PBXGroup;
			children = (
				485334BE2C3AC5E8004E19AA /* Comments */,
				483D2DD22C0DE32200FCEB84 /* ViewModel */,
				483D2D952C0DD02F00FCEB84 /* Service */,
				483D2D942C0DD01A00FCEB84 /* View */,
			);
			path = Authentication;
			sourceTree = "<group>";
		};
		48D594382BFE077F00C6EC4C /* Feed */ = {
			isa = PBXGroup;
			children = (
				48D594462BFE23D600C6EC4C /* FeedCell.swift */,
				48C258572C0362DF00E9A3FB /* FeedView.swift */,
				4854C3FF2C1F4327000B5C57 /* FeedViewModel.swift */,
			);
			path = Feed;
			sourceTree = "<group>";
		};
		48D594392BFE078700C6EC4C /* Profile */ = {
			isa = PBXGroup;
			children = (
				48D594402BFE098300C6EC4C /* ProfileView.swift */,
				488623CB2C0A29410094D29A /* CurrentUserProfileView.swift */,
				483D2D762C0B493B00FCEB84 /* ProfileHeaderView.swift */,
				48B2E46F2C1704AA00CFE960 /* EditProfileView.swift */,
			);
			path = Profile;
			sourceTree = "<group>";
		};
		48D5943A2BFE078E00C6EC4C /* Root */ = {
			isa = PBXGroup;
			children = (
				483D2D992C0DD1A100FCEB84 /* ViewModel */,
				483D2D982C0DD19D00FCEB84 /* View */,
			);
			path = Root;
			sourceTree = "<group>";
		};
		48D5943B2BFE079400C6EC4C /* Search */ = {
			isa = PBXGroup;
			children = (
				486C01B62C14CA5500C5BF66 /* SearchViewModel */,
				486C01B52C14CA4E00C5BF66 /* View */,
			);
			path = Search;
			sourceTree = "<group>";
		};
		48D5943C2BFE07A700C6EC4C /* TabBar */ = {
			isa = PBXGroup;
			children = (
				48D5943E2BFE07EB00C6EC4C /* MainTabView.swift */,
			);
			path = TabBar;
			sourceTree = "<group>";
		};
		48D5943D2BFE07B400C6EC4C /* UploadPost */ = {
			isa = PBXGroup;
			children = (
				483D2D782C0B65F000FCEB84 /* UploadPostView.swift */,
				483D2D7A2C0C94E700FCEB84 /* UploadPostViewModel.swift */,
			);
			path = UploadPost;
			sourceTree = "<group>";
		};
		48D594422BFE16D800C6EC4C /* Components */ = {
			isa = PBXGroup;
			children = (
				48B2E46A2C16FC6100CFE960 /* ViewModel */,
				48B2E4672C16F18200CFE960 /* View */,
			);
			path = Components;
			sourceTree = "<group>";
		};
/* End PBXGroup section */

/* Begin PBXNativeTarget section */
		48D594032BFE071200C6EC4C /* Instagram */ = {
			isa = PBXNativeTarget;
			buildConfigurationList = 48D594282BFE071400C6EC4C /* Build configuration list for PBXNativeTarget "Instagram" */;
			buildPhases = (
				48D594002BFE071200C6EC4C /* Sources */,
				48D594012BFE071200C6EC4C /* Frameworks */,
				48D594022BFE071200C6EC4C /* Resources */,
			);
			buildRules = (
			);
			dependencies = (
			);
			name = Instagram;
			packageProductDependencies = (
				483D2D722C0B473D00FCEB84 /* Kingfisher */,
				483D2D8A2C0DCCD000FCEB84 /* FirebaseAuth */,
				483D2D8C2C0DCCD000FCEB84 /* FirebaseFirestore */,
				483D2D8E2C0DCCD000FCEB84 /* FirebaseFirestoreSwift */,
				483D2D902C0DCCD000FCEB84 /* FirebaseStorage */,
			);
			productName = Instagram;
			productReference = 48D594042BFE071200C6EC4C /* Instagram.app */;
			productType = "com.apple.product-type.application";
		};
		48D594132BFE071400C6EC4C /* InstagramTests */ = {
			isa = PBXNativeTarget;
			buildConfigurationList = 48D5942B2BFE071400C6EC4C /* Build configuration list for PBXNativeTarget "InstagramTests" */;
			buildPhases = (
				48D594102BFE071400C6EC4C /* Sources */,
				48D594112BFE071400C6EC4C /* Frameworks */,
				48D594122BFE071400C6EC4C /* Resources */,
			);
			buildRules = (
			);
			dependencies = (
				48D594162BFE071400C6EC4C /* PBXTargetDependency */,
			);
			name = InstagramTests;
			productName = InstagramTests;
			productReference = 48D594142BFE071400C6EC4C /* InstagramTests.xctest */;
			productType = "com.apple.product-type.bundle.unit-test";
		};
		48D5941D2BFE071400C6EC4C /* InstagramUITests */ = {
			isa = PBXNativeTarget;
			buildConfigurationList = 48D5942E2BFE071400C6EC4C /* Build configuration list for PBXNativeTarget "InstagramUITests" */;
			buildPhases = (
				48D5941A2BFE071400C6EC4C /* Sources */,
				48D5941B2BFE071400C6EC4C /* Frameworks */,
				48D5941C2BFE071400C6EC4C /* Resources */,
			);
			buildRules = (
			);
			dependencies = (
				48D594202BFE071400C6EC4C /* PBXTargetDependency */,
			);
			name = InstagramUITests;
			productName = InstagramUITests;
			productReference = 48D5941E2BFE071400C6EC4C /* InstagramUITests.xctest */;
			productType = "com.apple.product-type.bundle.ui-testing";
		};
/* End PBXNativeTarget section */

/* Begin PBXProject section */
		48D593FC2BFE071200C6EC4C /* Project object */ = {
			isa = PBXProject;
			attributes = {
				BuildIndependentTargetsInParallel = 1;
				LastSwiftUpdateCheck = 1530;
				LastUpgradeCheck = 1530;
				TargetAttributes = {
					48D594032BFE071200C6EC4C = {
						CreatedOnToolsVersion = 15.3;
					};
					48D594132BFE071400C6EC4C = {
						CreatedOnToolsVersion = 15.3;
						TestTargetID = 48D594032BFE071200C6EC4C;
					};
					48D5941D2BFE071400C6EC4C = {
						CreatedOnToolsVersion = 15.3;
						TestTargetID = 48D594032BFE071200C6EC4C;
					};
				};
			};
			buildConfigurationList = 48D593FF2BFE071200C6EC4C /* Build configuration list for PBXProject "Instagram" */;
			compatibilityVersion = "Xcode 14.0";
			developmentRegion = en;
			hasScannedForEncodings = 0;
			knownRegions = (
				en,
				Base,
			);
			mainGroup = 48D593FB2BFE071200C6EC4C;
			packageReferences = (
				483D2D712C0B473D00FCEB84 /* XCRemoteSwiftPackageReference "Kingfisher" */,
				483D2D892C0DCCD000FCEB84 /* XCRemoteSwiftPackageReference "firebase-ios-sdk" */,
			);
			productRefGroup = 48D594052BFE071200C6EC4C /* Products */;
			projectDirPath = "";
			projectRoot = "";
			targets = (
				48D594032BFE071200C6EC4C /* Instagram */,
				48D594132BFE071400C6EC4C /* InstagramTests */,
				48D5941D2BFE071400C6EC4C /* InstagramUITests */,
			);
		};
/* End PBXProject section */

/* Begin PBXResourcesBuildPhase section */
		48D594022BFE071200C6EC4C /* Resources */ = {
			isa = PBXResourcesBuildPhase;
			buildActionMask = 2147483647;
			files = (
				48D5940F2BFE071400C6EC4C /* Preview Assets.xcassets in Resources */,
				48D5940C2BFE071400C6EC4C /* Assets.xcassets in Resources */,
				483D2D882C0DCC7B00FCEB84 /* GoogleService-Info.plist in Resources */,
			);
			runOnlyForDeploymentPostprocessing = 0;
		};
		48D594122BFE071400C6EC4C /* Resources */ = {
			isa = PBXResourcesBuildPhase;
			buildActionMask = 2147483647;
			files = (
			);
			runOnlyForDeploymentPostprocessing = 0;
		};
		48D5941C2BFE071400C6EC4C /* Resources */ = {
			isa = PBXResourcesBuildPhase;
			buildActionMask = 2147483647;
			files = (
			);
			runOnlyForDeploymentPostprocessing = 0;
		};
/* End PBXResourcesBuildPhase section */

/* Begin PBXSourcesBuildPhase section */
		48D594002BFE071200C6EC4C /* Sources */ = {
			isa = PBXSourcesBuildPhase;
			buildActionMask = 2147483647;
			files = (
				48C258582C0362DF00E9A3FB /* FeedView.swift in Sources */,
				483D2D972C0DD03F00FCEB84 /* AuthService.swift in Sources */,
				48DAE4112C133D7400342724 /* UserService.swift in Sources */,
				483D2D792C0B65F000FCEB84 /* UploadPostView.swift in Sources */,
				48544A612C04A80000727021 /* CompleteSignupView.swift in Sources */,
				48B2E4692C16F90000CFE960 /* CircularProfileImageView.swift in Sources */,
				4854C4002C1F4327000B5C57 /* FeedViewModel.swift in Sources */,
				48D594412BFE098300C6EC4C /* ProfileView.swift in Sources */,
				48544A5D2C04928300727021 /* CreateUserNameView.swift in Sources */,
				483D2D6C2C0B3DCA00FCEB84 /* Post.swift in Sources */,
				48D5940A2BFE071200C6EC4C /* ContentView.swift in Sources */,
				48B2E46C2C16FC6F00CFE960 /* PostGridViewModel.swift in Sources */,
				485334CC2C3AF33E004E19AA /* CommentsViewModel.swift in Sources */,
				48DAE40F2C13065600342724 /* LoginViewModel.swift in Sources */,
				4854C3FA2C1F3C80000B5C57 /* PostServices.swift in Sources */,
				4854C3FC2C1F42A0000B5C57 /* SinglePostView.swift in Sources */,
				483D2D9B2C0DD1B300FCEB84 /* ContentViewModel.swift in Sources */,
				488623CC2C0A29410094D29A /* CurrentUserProfileView.swift in Sources */,
				480659092C1875910049353B /* ImageUploader.swift in Sources */,
				48C2585E2C036D4800E9A3FB /* LoginView.swift in Sources */,
				483D2D702C0B467400FCEB84 /* PostGridView.swift in Sources */,
				485334C42C3ADA45004E19AA /* CommentsView.swift in Sources */,
				48D594082BFE071200C6EC4C /* InstagramApp.swift in Sources */,
				4854C3FE2C1F42B6000B5C57 /* SinglePostViewModel.swift in Sources */,
				483D2D7B2C0C94E700FCEB84 /* UploadPostViewModel.swift in Sources */,
				48544A592C04899300727021 /* AddEmailView.swift in Sources */,
				485334CA2C3AF331004E19AA /* CommentService.swift in Sources */,
				48544A632C04AA3800727021 /* User.swift in Sources */,
				48C2585A2C0367B500E9A3FB /* SearchView.swift in Sources */,
				48B2E4702C1704AA00CFE960 /* EditProfileView.swift in Sources */,
				485334C62C3ADA4F004E19AA /* CommentsCell.swift in Sources */,
				48544A5B2C048F7B00727021 /* IGTextFieldModifier.swift in Sources */,
				483D2D772C0B493B00FCEB84 /* ProfileHeaderView.swift in Sources */,
				48B2E4722C1708A300CFE960 /* EditProfileViewModel.swift in Sources */,
				483D2D932C0DCD2800FCEB84 /* InstragramApp.swift in Sources */,
				486C01B82C14D01400C5BF66 /* SearchViewModel.swift in Sources */,
				483D2DD42C0DE33100FCEB84 /* RegistrationViewModel.swift in Sources */,
				485334C82C3AEC99004E19AA /* Comment.swift in Sources */,
				48D594452BFE172900C6EC4C /* UserStatView.swift in Sources */,
				48D5943F2BFE07EB00C6EC4C /* MainTabView.swift in Sources */,
				48D594472BFE23D600C6EC4C /* FeedCell.swift in Sources */,
				48544A5F2C04A4C400727021 /* CreatePasswordView.swift in Sources */,
			);
			runOnlyForDeploymentPostprocessing = 0;
		};
		48D594102BFE071400C6EC4C /* Sources */ = {
			isa = PBXSourcesBuildPhase;
			buildActionMask = 2147483647;
			files = (
				48D594192BFE071400C6EC4C /* InstagramTests.swift in Sources */,
			);
			runOnlyForDeploymentPostprocessing = 0;
		};
		48D5941A2BFE071400C6EC4C /* Sources */ = {
			isa = PBXSourcesBuildPhase;
			buildActionMask = 2147483647;
			files = (
				48D594232BFE071400C6EC4C /* InstagramUITests.swift in Sources */,
				48D594252BFE071400C6EC4C /* InstagramUITestsLaunchTests.swift in Sources */,
			);
			runOnlyForDeploymentPostprocessing = 0;
		};
/* End PBXSourcesBuildPhase section */

/* Begin PBXTargetDependency section */
		48D594162BFE071400C6EC4C /* PBXTargetDependency */ = {
			isa = PBXTargetDependency;
			target = 48D594032BFE071200C6EC4C /* Instagram */;
			targetProxy = 48D594152BFE071400C6EC4C /* PBXContainerItemProxy */;
		};
		48D594202BFE071400C6EC4C /* PBXTargetDependency */ = {
			isa = PBXTargetDependency;
			target = 48D594032BFE071200C6EC4C /* Instagram */;
			targetProxy = 48D5941F2BFE071400C6EC4C /* PBXContainerItemProxy */;
		};
/* End PBXTargetDependency section */

/* Begin XCBuildConfiguration section */
		48D594262BFE071400C6EC4C /* Debug */ = {
			isa = XCBuildConfiguration;
			buildSettings = {
				ALWAYS_SEARCH_USER_PATHS = NO;
				ASSETCATALOG_COMPILER_GENERATE_SWIFT_ASSET_SYMBOL_EXTENSIONS = YES;
				CLANG_ANALYZER_NONNULL = YES;
				CLANG_ANALYZER_NUMBER_OBJECT_CONVERSION = YES_AGGRESSIVE;
				CLANG_CXX_LANGUAGE_STANDARD = "gnu++20";
				CLANG_ENABLE_MODULES = YES;
				CLANG_ENABLE_OBJC_ARC = YES;
				CLANG_ENABLE_OBJC_WEAK = YES;
				CLANG_WARN_BLOCK_CAPTURE_AUTORELEASING = YES;
				CLANG_WARN_BOOL_CONVERSION = YES;
				CLANG_WARN_COMMA = YES;
				CLANG_WARN_CONSTANT_CONVERSION = YES;
				CLANG_WARN_DEPRECATED_OBJC_IMPLEMENTATIONS = YES;
				CLANG_WARN_DIRECT_OBJC_ISA_USAGE = YES_ERROR;
				CLANG_WARN_DOCUMENTATION_COMMENTS = YES;
				CLANG_WARN_EMPTY_BODY = YES;
				CLANG_WARN_ENUM_CONVERSION = YES;
				CLANG_WARN_INFINITE_RECURSION = YES;
				CLANG_WARN_INT_CONVERSION = YES;
				CLANG_WARN_NON_LITERAL_NULL_CONVERSION = YES;
				CLANG_WARN_OBJC_IMPLICIT_RETAIN_SELF = YES;
				CLANG_WARN_OBJC_LITERAL_CONVERSION = YES;
				CLANG_WARN_OBJC_ROOT_CLASS = YES_ERROR;
				CLANG_WARN_QUOTED_INCLUDE_IN_FRAMEWORK_HEADER = YES;
				CLANG_WARN_RANGE_LOOP_ANALYSIS = YES;
				CLANG_WARN_STRICT_PROTOTYPES = YES;
				CLANG_WARN_SUSPICIOUS_MOVE = YES;
				CLANG_WARN_UNGUARDED_AVAILABILITY = YES_AGGRESSIVE;
				CLANG_WARN_UNREACHABLE_CODE = YES;
				CLANG_WARN__DUPLICATE_METHOD_MATCH = YES;
				COPY_PHASE_STRIP = NO;
				DEBUG_INFORMATION_FORMAT = dwarf;
				ENABLE_STRICT_OBJC_MSGSEND = YES;
				ENABLE_TESTABILITY = YES;
				ENABLE_USER_SCRIPT_SANDBOXING = YES;
				GCC_C_LANGUAGE_STANDARD = gnu17;
				GCC_DYNAMIC_NO_PIC = NO;
				GCC_NO_COMMON_BLOCKS = YES;
				GCC_OPTIMIZATION_LEVEL = 0;
				GCC_PREPROCESSOR_DEFINITIONS = (
					"DEBUG=1",
					"$(inherited)",
				);
				GCC_WARN_64_TO_32_BIT_CONVERSION = YES;
				GCC_WARN_ABOUT_RETURN_TYPE = YES_ERROR;
				GCC_WARN_UNDECLARED_SELECTOR = YES;
				GCC_WARN_UNINITIALIZED_AUTOS = YES_AGGRESSIVE;
				GCC_WARN_UNUSED_FUNCTION = YES;
				GCC_WARN_UNUSED_VARIABLE = YES;
				IPHONEOS_DEPLOYMENT_TARGET = 17.4;
				LOCALIZATION_PREFERS_STRING_CATALOGS = YES;
				MTL_ENABLE_DEBUG_INFO = INCLUDE_SOURCE;
				MTL_FAST_MATH = YES;
				ONLY_ACTIVE_ARCH = YES;
				SDKROOT = iphoneos;
				SWIFT_ACTIVE_COMPILATION_CONDITIONS = "DEBUG $(inherited)";
				SWIFT_OPTIMIZATION_LEVEL = "-Onone";
			};
			name = Debug;
		};
		48D594272BFE071400C6EC4C /* Release */ = {
			isa = XCBuildConfiguration;
			buildSettings = {
				ALWAYS_SEARCH_USER_PATHS = NO;
				ASSETCATALOG_COMPILER_GENERATE_SWIFT_ASSET_SYMBOL_EXTENSIONS = YES;
				CLANG_ANALYZER_NONNULL = YES;
				CLANG_ANALYZER_NUMBER_OBJECT_CONVERSION = YES_AGGRESSIVE;
				CLANG_CXX_LANGUAGE_STANDARD = "gnu++20";
				CLANG_ENABLE_MODULES = YES;
				CLANG_ENABLE_OBJC_ARC = YES;
				CLANG_ENABLE_OBJC_WEAK = YES;
				CLANG_WARN_BLOCK_CAPTURE_AUTORELEASING = YES;
				CLANG_WARN_BOOL_CONVERSION = YES;
				CLANG_WARN_COMMA = YES;
				CLANG_WARN_CONSTANT_CONVERSION = YES;
				CLANG_WARN_DEPRECATED_OBJC_IMPLEMENTATIONS = YES;
				CLANG_WARN_DIRECT_OBJC_ISA_USAGE = YES_ERROR;
				CLANG_WARN_DOCUMENTATION_COMMENTS = YES;
				CLANG_WARN_EMPTY_BODY = YES;
				CLANG_WARN_ENUM_CONVERSION = YES;
				CLANG_WARN_INFINITE_RECURSION = YES;
				CLANG_WARN_INT_CONVERSION = YES;
				CLANG_WARN_NON_LITERAL_NULL_CONVERSION = YES;
				CLANG_WARN_OBJC_IMPLICIT_RETAIN_SELF = YES;
				CLANG_WARN_OBJC_LITERAL_CONVERSION = YES;
				CLANG_WARN_OBJC_ROOT_CLASS = YES_ERROR;
				CLANG_WARN_QUOTED_INCLUDE_IN_FRAMEWORK_HEADER = YES;
				CLANG_WARN_RANGE_LOOP_ANALYSIS = YES;
				CLANG_WARN_STRICT_PROTOTYPES = YES;
				CLANG_WARN_SUSPICIOUS_MOVE = YES;
				CLANG_WARN_UNGUARDED_AVAILABILITY = YES_AGGRESSIVE;
				CLANG_WARN_UNREACHABLE_CODE = YES;
				CLANG_WARN__DUPLICATE_METHOD_MATCH = YES;
				COPY_PHASE_STRIP = NO;
				DEBUG_INFORMATION_FORMAT = "dwarf-with-dsym";
				ENABLE_NS_ASSERTIONS = NO;
				ENABLE_STRICT_OBJC_MSGSEND = YES;
				ENABLE_USER_SCRIPT_SANDBOXING = YES;
				GCC_C_LANGUAGE_STANDARD = gnu17;
				GCC_NO_COMMON_BLOCKS = YES;
				GCC_WARN_64_TO_32_BIT_CONVERSION = YES;
				GCC_WARN_ABOUT_RETURN_TYPE = YES_ERROR;
				GCC_WARN_UNDECLARED_SELECTOR = YES;
				GCC_WARN_UNINITIALIZED_AUTOS = YES_AGGRESSIVE;
				GCC_WARN_UNUSED_FUNCTION = YES;
				GCC_WARN_UNUSED_VARIABLE = YES;
				IPHONEOS_DEPLOYMENT_TARGET = 17.4;
				LOCALIZATION_PREFERS_STRING_CATALOGS = YES;
				MTL_ENABLE_DEBUG_INFO = NO;
				MTL_FAST_MATH = YES;
				SDKROOT = iphoneos;
				SWIFT_COMPILATION_MODE = wholemodule;
				VALIDATE_PRODUCT = YES;
			};
			name = Release;
		};
		48D594292BFE071400C6EC4C /* Debug */ = {
			isa = XCBuildConfiguration;
			buildSettings = {
				ASSETCATALOG_COMPILER_APPICON_NAME = AppIcon;
				ASSETCATALOG_COMPILER_GLOBAL_ACCENT_COLOR_NAME = AccentColor;
				CODE_SIGN_STYLE = Automatic;
				CURRENT_PROJECT_VERSION = 1;
				DEVELOPMENT_ASSET_PATHS = "\"Instagram/Preview Content\"";
				DEVELOPMENT_TEAM = SD67P42M35;
				ENABLE_PREVIEWS = YES;
				GENERATE_INFOPLIST_FILE = YES;
				INFOPLIST_KEY_UIApplicationSceneManifest_Generation = YES;
				INFOPLIST_KEY_UIApplicationSupportsIndirectInputEvents = YES;
				INFOPLIST_KEY_UILaunchScreen_Generation = YES;
				INFOPLIST_KEY_UISupportedInterfaceOrientations_iPad = "UIInterfaceOrientationPortrait UIInterfaceOrientationPortraitUpsideDown UIInterfaceOrientationLandscapeLeft UIInterfaceOrientationLandscapeRight";
				INFOPLIST_KEY_UISupportedInterfaceOrientations_iPhone = "UIInterfaceOrientationPortrait UIInterfaceOrientationLandscapeLeft UIInterfaceOrientationLandscapeRight";
				LD_RUNPATH_SEARCH_PATHS = (
					"$(inherited)",
					"@executable_path/Frameworks",
				);
				MARKETING_VERSION = 1.0;
				PRODUCT_BUNDLE_IDENTIFIER = gmekv.Instagram;
				PRODUCT_NAME = "$(TARGET_NAME)";
				SWIFT_EMIT_LOC_STRINGS = YES;
				SWIFT_VERSION = 5.0;
				TARGETED_DEVICE_FAMILY = "1,2";
			};
			name = Debug;
		};
		48D5942A2BFE071400C6EC4C /* Release */ = {
			isa = XCBuildConfiguration;
			buildSettings = {
				ASSETCATALOG_COMPILER_APPICON_NAME = AppIcon;
				ASSETCATALOG_COMPILER_GLOBAL_ACCENT_COLOR_NAME = AccentColor;
				CODE_SIGN_STYLE = Automatic;
				CURRENT_PROJECT_VERSION = 1;
				DEVELOPMENT_ASSET_PATHS = "\"Instagram/Preview Content\"";
				DEVELOPMENT_TEAM = SD67P42M35;
				ENABLE_PREVIEWS = YES;
				GENERATE_INFOPLIST_FILE = YES;
				INFOPLIST_KEY_UIApplicationSceneManifest_Generation = YES;
				INFOPLIST_KEY_UIApplicationSupportsIndirectInputEvents = YES;
				INFOPLIST_KEY_UILaunchScreen_Generation = YES;
				INFOPLIST_KEY_UISupportedInterfaceOrientations_iPad = "UIInterfaceOrientationPortrait UIInterfaceOrientationPortraitUpsideDown UIInterfaceOrientationLandscapeLeft UIInterfaceOrientationLandscapeRight";
				INFOPLIST_KEY_UISupportedInterfaceOrientations_iPhone = "UIInterfaceOrientationPortrait UIInterfaceOrientationLandscapeLeft UIInterfaceOrientationLandscapeRight";
				LD_RUNPATH_SEARCH_PATHS = (
					"$(inherited)",
					"@executable_path/Frameworks",
				);
				MARKETING_VERSION = 1.0;
				PRODUCT_BUNDLE_IDENTIFIER = gmekv.Instagram;
				PRODUCT_NAME = "$(TARGET_NAME)";
				SWIFT_EMIT_LOC_STRINGS = YES;
				SWIFT_VERSION = 5.0;
				TARGETED_DEVICE_FAMILY = "1,2";
			};
			name = Release;
		};
		48D5942C2BFE071400C6EC4C /* Debug */ = {
			isa = XCBuildConfiguration;
			buildSettings = {
				ALWAYS_EMBED_SWIFT_STANDARD_LIBRARIES = YES;
				BUNDLE_LOADER = "$(TEST_HOST)";
				CODE_SIGN_STYLE = Automatic;
				CURRENT_PROJECT_VERSION = 1;
				DEVELOPMENT_TEAM = SD67P42M35;
				GENERATE_INFOPLIST_FILE = YES;
				IPHONEOS_DEPLOYMENT_TARGET = 17.4;
				MARKETING_VERSION = 1.0;
				PRODUCT_BUNDLE_IDENTIFIER = gmekv.InstagramTests;
				PRODUCT_NAME = "$(TARGET_NAME)";
				SWIFT_EMIT_LOC_STRINGS = NO;
				SWIFT_VERSION = 5.0;
				TARGETED_DEVICE_FAMILY = "1,2";
				TEST_HOST = "$(BUILT_PRODUCTS_DIR)/Instagram.app/$(BUNDLE_EXECUTABLE_FOLDER_PATH)/Instagram";
			};
			name = Debug;
		};
		48D5942D2BFE071400C6EC4C /* Release */ = {
			isa = XCBuildConfiguration;
			buildSettings = {
				ALWAYS_EMBED_SWIFT_STANDARD_LIBRARIES = YES;
				BUNDLE_LOADER = "$(TEST_HOST)";
				CODE_SIGN_STYLE = Automatic;
				CURRENT_PROJECT_VERSION = 1;
				DEVELOPMENT_TEAM = SD67P42M35;
				GENERATE_INFOPLIST_FILE = YES;
				IPHONEOS_DEPLOYMENT_TARGET = 17.4;
				MARKETING_VERSION = 1.0;
				PRODUCT_BUNDLE_IDENTIFIER = gmekv.InstagramTests;
				PRODUCT_NAME = "$(TARGET_NAME)";
				SWIFT_EMIT_LOC_STRINGS = NO;
				SWIFT_VERSION = 5.0;
				TARGETED_DEVICE_FAMILY = "1,2";
				TEST_HOST = "$(BUILT_PRODUCTS_DIR)/Instagram.app/$(BUNDLE_EXECUTABLE_FOLDER_PATH)/Instagram";
			};
			name = Release;
		};
		48D5942F2BFE071400C6EC4C /* Debug */ = {
			isa = XCBuildConfiguration;
			buildSettings = {
				ALWAYS_EMBED_SWIFT_STANDARD_LIBRARIES = YES;
				CODE_SIGN_STYLE = Automatic;
				CURRENT_PROJECT_VERSION = 1;
				DEVELOPMENT_TEAM = SD67P42M35;
				GENERATE_INFOPLIST_FILE = YES;
				MARKETING_VERSION = 1.0;
				PRODUCT_BUNDLE_IDENTIFIER = gmekv.InstagramUITests;
				PRODUCT_NAME = "$(TARGET_NAME)";
				SWIFT_EMIT_LOC_STRINGS = NO;
				SWIFT_VERSION = 5.0;
				TARGETED_DEVICE_FAMILY = "1,2";
				TEST_TARGET_NAME = Instagram;
			};
			name = Debug;
		};
		48D594302BFE071400C6EC4C /* Release */ = {
			isa = XCBuildConfiguration;
			buildSettings = {
				ALWAYS_EMBED_SWIFT_STANDARD_LIBRARIES = YES;
				CODE_SIGN_STYLE = Automatic;
				CURRENT_PROJECT_VERSION = 1;
				DEVELOPMENT_TEAM = SD67P42M35;
				GENERATE_INFOPLIST_FILE = YES;
				MARKETING_VERSION = 1.0;
				PRODUCT_BUNDLE_IDENTIFIER = gmekv.InstagramUITests;
				PRODUCT_NAME = "$(TARGET_NAME)";
				SWIFT_EMIT_LOC_STRINGS = NO;
				SWIFT_VERSION = 5.0;
				TARGETED_DEVICE_FAMILY = "1,2";
				TEST_TARGET_NAME = Instagram;
			};
			name = Release;
		};
/* End XCBuildConfiguration section */

/* Begin XCConfigurationList section */
		48D593FF2BFE071200C6EC4C /* Build configuration list for PBXProject "Instagram" */ = {
			isa = XCConfigurationList;
			buildConfigurations = (
				48D594262BFE071400C6EC4C /* Debug */,
				48D594272BFE071400C6EC4C /* Release */,
			);
			defaultConfigurationIsVisible = 0;
			defaultConfigurationName = Release;
		};
		48D594282BFE071400C6EC4C /* Build configuration list for PBXNativeTarget "Instagram" */ = {
			isa = XCConfigurationList;
			buildConfigurations = (
				48D594292BFE071400C6EC4C /* Debug */,
				48D5942A2BFE071400C6EC4C /* Release */,
			);
			defaultConfigurationIsVisible = 0;
			defaultConfigurationName = Release;
		};
		48D5942B2BFE071400C6EC4C /* Build configuration list for PBXNativeTarget "InstagramTests" */ = {
			isa = XCConfigurationList;
			buildConfigurations = (
				48D5942C2BFE071400C6EC4C /* Debug */,
				48D5942D2BFE071400C6EC4C /* Release */,
			);
			defaultConfigurationIsVisible = 0;
			defaultConfigurationName = Release;
		};
		48D5942E2BFE071400C6EC4C /* Build configuration list for PBXNativeTarget "InstagramUITests" */ = {
			isa = XCConfigurationList;
			buildConfigurations = (
				48D5942F2BFE071400C6EC4C /* Debug */,
				48D594302BFE071400C6EC4C /* Release */,
			);
			defaultConfigurationIsVisible = 0;
			defaultConfigurationName = Release;
		};
/* End XCConfigurationList section */

/* Begin XCRemoteSwiftPackageReference section */
		483D2D712C0B473D00FCEB84 /* XCRemoteSwiftPackageReference "Kingfisher" */ = {
			isa = XCRemoteSwiftPackageReference;
			repositoryURL = "https://github.com/onevcat/Kingfisher";
			requirement = {
				kind = upToNextMajorVersion;
				minimumVersion = 7.11.0;
			};
		};
		483D2D892C0DCCD000FCEB84 /* XCRemoteSwiftPackageReference "firebase-ios-sdk" */ = {
			isa = XCRemoteSwiftPackageReference;
			repositoryURL = "https://github.com/firebase/firebase-ios-sdk";
			requirement = {
				kind = upToNextMajorVersion;
				minimumVersion = 10.27.0;
			};
		};
/* End XCRemoteSwiftPackageReference section */

/* Begin XCSwiftPackageProductDependency section */
		483D2D722C0B473D00FCEB84 /* Kingfisher */ = {
			isa = XCSwiftPackageProductDependency;
			package = 483D2D712C0B473D00FCEB84 /* XCRemoteSwiftPackageReference "Kingfisher" */;
			productName = Kingfisher;
		};
		483D2D8A2C0DCCD000FCEB84 /* FirebaseAuth */ = {
			isa = XCSwiftPackageProductDependency;
			package = 483D2D892C0DCCD000FCEB84 /* XCRemoteSwiftPackageReference "firebase-ios-sdk" */;
			productName = FirebaseAuth;
		};
		483D2D8C2C0DCCD000FCEB84 /* FirebaseFirestore */ = {
			isa = XCSwiftPackageProductDependency;
			package = 483D2D892C0DCCD000FCEB84 /* XCRemoteSwiftPackageReference "firebase-ios-sdk" */;
			productName = FirebaseFirestore;
		};
		483D2D8E2C0DCCD000FCEB84 /* FirebaseFirestoreSwift */ = {
			isa = XCSwiftPackageProductDependency;
			package = 483D2D892C0DCCD000FCEB84 /* XCRemoteSwiftPackageReference "firebase-ios-sdk" */;
			productName = FirebaseFirestoreSwift;
		};
		483D2D902C0DCCD000FCEB84 /* FirebaseStorage */ = {
			isa = XCSwiftPackageProductDependency;
			package = 483D2D892C0DCCD000FCEB84 /* XCRemoteSwiftPackageReference "firebase-ios-sdk" */;
			productName = FirebaseStorage;
		};
/* End XCSwiftPackageProductDependency section */
	};
	rootObject = 48D593FC2BFE071200C6EC4C /* Project object */;
}
